
Microsoft Visual Studio Solution File, Format Version 12.00
# Visual Studio Version 17
VisualStudioVersion = 17.1.32328.378
MinimumVisualStudioVersion = 10.0.40219.1
Project("{9A19103F-16F7-4668-BE54-9A1E7A4F7556}") = "Veiligstallen.BikeCounter.ApiClient", "Veiligstallen.BikeCounter.ApiClient\Veiligstallen.BikeCounter.ApiClient.csproj", "{161B9B0B-FACC-4400-9C60-9CF82FF30D6F}"
EndProject
Project("{FAE04EC0-301F-11D3-BF4B-00C04F79EFBC}") = "Veiligstallen.BikeCounter.ApiClient.Test", "Veiligstallen.BikeCounter.ApiClient.Test\Veiligstallen.BikeCounter.ApiClient.Test.csproj", "{03C95B54-9F31-4747-B107-77D63BEBA395}"
EndProject
Global
	GlobalSection(SolutionConfigurationPlatforms) = preSolution
		Debug|Any CPU = Debug|Any CPU
		Release|Any CPU = Release|Any CPU
	EndGlobalSection
	GlobalSection(ProjectConfigurationPlatforms) = postSolution
		{161B9B0B-FACC-4400-9C60-9CF82FF30D6F}.Debug|Any CPU.ActiveCfg = Debug|Any CPU
		{161B9B0B-FACC-4400-9C60-9CF82FF30D6F}.Debug|Any CPU.Build.0 = Debug|Any CPU
		{161B9B0B-FACC-4400-9C60-9CF82FF30D6F}.Release|Any CPU.ActiveCfg = Release|Any CPU
		{161B9B0B-FACC-4400-9C60-9CF82FF30D6F}.Release|Any CPU.Build.0 = Release|Any CPU
		{03C95B54-9F31-4747-B107-77D63BEBA395}.Debug|Any CPU.ActiveCfg = Debug|Any CPU
		{03C95B54-9F31-4747-B107-77D63BEBA395}.Debug|Any CPU.Build.0 = Debug|Any CPU
		{03C95B54-9F31-4747-B107-77D63BEBA395}.Release|Any CPU.ActiveCfg = Release|Any CPU
		{03C95B54-9F31-4747-B107-77D63BEBA395}.Release|Any CPU.Build.0 = Release|Any CPU
	EndGlobalSection
	GlobalSection(SolutionProperties) = preSolution
		HideSolutionNode = FALSE
	EndGlobalSection
	GlobalSection(ExtensibilityGlobals) = postSolution
		SolutionGuid = {C936888F-BC23-4E57-8607-85AECAC26D6B}
	EndGlobalSection
EndGlobal
